// !$*UTF8*$!
{
	archiveVersion = 1;
	classes = {
	};
	objectVersion = 46;
	objects = {

/* Begin PBXBuildFile section */
		4B46911D1DA7745600C84A23 /* AppDelegate.swift in Sources */ = {isa = PBXBuildFile; fileRef = 4B46911C1DA7745600C84A23 /* AppDelegate.swift */; };
		4B46911F1DA7745600C84A23 /* ViewController.swift in Sources */ = {isa = PBXBuildFile; fileRef = 4B46911E1DA7745600C84A23 /* ViewController.swift */; };
		4B4691221DA7745600C84A23 /* Main.storyboard in Resources */ = {isa = PBXBuildFile; fileRef = 4B4691201DA7745600C84A23 /* Main.storyboard */; };
		4B4691241DA7745600C84A23 /* Assets.xcassets in Resources */ = {isa = PBXBuildFile; fileRef = 4B4691231DA7745600C84A23 /* Assets.xcassets */; };
		4B4691271DA7745600C84A23 /* LaunchScreen.storyboard in Resources */ = {isa = PBXBuildFile; fileRef = 4B4691251DA7745600C84A23 /* LaunchScreen.storyboard */; };
		4B4691311DA776E100C84A23 /* Reachability.m in Sources */ = {isa = PBXBuildFile; fileRef = 4B4691301DA776E100C84A23 /* Reachability.m */; };
/* End PBXBuildFile section */

/* Begin PBXFileReference section */
		4B4691191DA7745600C84A23 /* ReachWIFi.app */ = {isa = PBXFileReference; explicitFileType = wrapper.application; includeInIndex = 0; path = ReachWIFi.app; sourceTree = BUILT_PRODUCTS_DIR; };
		4B46911C1DA7745600C84A23 /* AppDelegate.swift */ = {isa = PBXFileReference; lastKnownFileType = sourcecode.swift; path = AppDelegate.swift; sourceTree = "<group>"; };
		4B46911E1DA7745600C84A23 /* ViewController.swift */ = {isa = PBXFileReference; lastKnownFileType = sourcecode.swift; path = ViewController.swift; sourceTree = "<group>"; };
		4B4691211DA7745600C84A23 /* Base */ = {isa = PBXFileReference; lastKnownFileType = file.storyboard; name = Base; path = Base.lproj/Main.storyboard; sourceTree = "<group>"; };
		4B4691231DA7745600C84A23 /* Assets.xcassets */ = {isa = PBXFileReference; lastKnownFileType = folder.assetcatalog; path = Assets.xcassets; sourceTree = "<group>"; };
		4B4691261DA7745600C84A23 /* Base */ = {isa = PBXFileReference; lastKnownFileType = file.storyboard; name = Base; path = Base.lproj/LaunchScreen.storyboard; sourceTree = "<group>"; };
		4B4691281DA7745600C84A23 /* Info.plist */ = {isa = PBXFileReference; lastKnownFileType = text.plist.xml; path = Info.plist; sourceTree = "<group>"; };
		4B46912E1DA776E100C84A23 /* ReachWIFi-Bridging-Header.h */ = {isa = PBXFileReference; lastKnownFileType = sourcecode.c.h; path = "ReachWIFi-Bridging-Header.h"; sourceTree = "<group>"; };
		4B46912F1DA776E100C84A23 /* Reachability.h */ = {isa = PBXFileReference; fileEncoding = 4; lastKnownFileType = sourcecode.c.h; path = Reachability.h; sourceTree = "<group>"; };
		4B4691301DA776E100C84A23 /* Reachability.m */ = {isa = PBXFileReference; fileEncoding = 4; lastKnownFileType = sourcecode.c.objc; path = Reachability.m; sourceTree = "<group>"; };
/* End PBXFileReference section */

/* Begin PBXFrameworksBuildPhase section */
		4B4691161DA7745600C84A23 /* Frameworks */ = {
			isa = PBXFrameworksBuildPhase;
			buildActionMask = 2147483647;
			files = (
			);
			runOnlyForDeploymentPostprocessing = 0;
		};
/* End PBXFrameworksBuildPhase section */

/* Begin PBXGroup section */
		4B4691101DA7745500C84A23 = {
			isa = PBXGroup;
			children = (
				4B46911B1DA7745600C84A23 /* ReachWIFi */,
				4B46912F1DA776E100C84A23 /* Reachability.h */,
				4B4691301DA776E100C84A23 /* Reachability.m */,
				4B46911A1DA7745600C84A23 /* Products */,
				4B46912E1DA776E100C84A23 /* ReachWIFi-Bridging-Header.h */,
			);
			sourceTree = "<group>";
		};
		4B46911A1DA7745600C84A23 /* Products */ = {
			isa = PBXGroup;
			children = (
				4B4691191DA7745600C84A23 /* ReachWIFi.app */,
			);
			name = Products;
			sourceTree = "<group>";
		};
		4B46911B1DA7745600C84A23 /* ReachWIFi */ = {
			isa = PBXGroup;
			children = (
				4B46911C1DA7745600C84A23 /* AppDelegate.swift */,
				4B46911E1DA7745600C84A23 /* ViewController.swift */,
				4B4691201DA7745600C84A23 /* Main.storyboard */,
				4B4691231DA7745600C84A23 /* Assets.xcassets */,
				4B4691251DA7745600C84A23 /* LaunchScreen.storyboard */,
				4B4691281DA7745600C84A23 /* Info.plist */,
			);
			path = ReachWIFi;
			sourceTree = "<group>";
		};
/* End PBXGroup section */

/* Begin PBXNativeTarget section */
		4B4691181DA7745600C84A23 /* ReachWIFi */ = {
			isa = PBXNativeTarget;
			buildConfigurationList = 4B46912B1DA7745600C84A23 /* Build configuration list for PBXNativeTarget "ReachWIFi" */;
			buildPhases = (
				4B4691151DA7745600C84A23 /* Sources */,
				4B4691161DA7745600C84A23 /* Frameworks */,
				4B4691171DA7745600C84A23 /* Resources */,
			);
			buildRules = (
			);
			dependencies = (
			);
			name = ReachWIFi;
			productName = ReachWIFi;
			productReference = 4B4691191DA7745600C84A23 /* ReachWIFi.app */;
			productType = "com.apple.product-type.application";
		};
/* End PBXNativeTarget section */

/* Begin PBXProject section */
		4B4691111DA7745500C84A23 /* Project object */ = {
			isa = PBXProject;
			attributes = {
				LastSwiftUpdateCheck = 0800;
				LastUpgradeCheck = 0800;
				ORGANIZATIONNAME = Sgmedical;
				TargetAttributes = {
					4B4691181DA7745600C84A23 = {
						CreatedOnToolsVersion = 8.0;
						DevelopmentTeam = WTE562C6VP;
						LastSwiftMigration = 0800;
						ProvisioningStyle = Automatic;
					};
				};
			};
			buildConfigurationList = 4B4691141DA7745500C84A23 /* Build configuration list for PBXProject "ReachWIFi" */;
			compatibilityVersion = "Xcode 3.2";
			developmentRegion = English;
			hasScannedForEncodings = 0;
			knownRegions = (
				en,
				Base,
			);
			mainGroup = 4B4691101DA7745500C84A23;
			productRefGroup = 4B46911A1DA7745600C84A23 /* Products */;
			projectDirPath = "";
			projectRoot = "";
			targets = (
				4B4691181DA7745600C84A23 /* ReachWIFi */,
			);
		};
/* End PBXProject section */

/* Begin PBXResourcesBuildPhase section */
		4B4691171DA7745600C84A23 /* Resources */ = {
			isa = PBXResourcesBuildPhase;
			buildActionMask = 2147483647;
			files = (
				4B4691271DA7745600C84A23 /* LaunchScreen.storyboard in Resources */,
				4B4691241DA7745600C84A23 /* Assets.xcassets in Resources */,
				4B4691221DA7745600C84A23 /* Main.storyboard in Resources */,
			);
			runOnlyForDeploymentPostprocessing = 0;
		};
/* End PBXResourcesBuildPhase section */

/* Begin PBXSourcesBuildPhase section */
		4B4691151DA7745600C84A23 /* Sources */ = {
			isa = PBXSourcesBuildPhase;
			buildActionMask = 2147483647;
			files = (
				4B46911F1DA7745600C84A23 /* ViewController.swift in Sources */,
				4B4691311DA776E100C84A23 /* Reachability.m in Sources */,
				4B46911D1DA7745600C84A23 /* AppDelegate.swift in Sources */,
			);
			runOnlyForDeploymentPostprocessing = 0;
		};
/* End PBXSourcesBuildPhase section */

/* Begin PBXVariantGroup section */
		4B4691201DA7745600C84A23 /* Main.storyboard */ = {
			isa = PBXVariantGroup;
			children = (
				4B4691211DA7745600C84A23 /* Base */,
			);
			name = Main.storyboard;
			sourceTree = "<group>";
		};
		4B4691251DA7745600C84A23 /* LaunchScreen.storyboard */ = {
			isa = PBXVariantGroup;
			children = (
				4B4691261DA7745600C84A23 /* Base */,
			);
			name = LaunchScreen.storyboard;
			sourceTree = "<group>";
		};
/* End PBXVariantGroup section */

/* Begin XCBuildConfiguration section */
		4B4691291DA7745600C84A23 /* Debug */ = {
			isa = XCBuildConfiguration;
			buildSettings = {
				ALWAYS_SEARCH_USER_PATHS = NO;
				CLANG_ANALYZER_NONNULL = YES;
				CLANG_CXX_LANGUAGE_STANDARD = "gnu++0x";
				CLANG_CXX_LIBRARY = "libc++";
				CLANG_ENABLE_MODULES = YES;
				CLANG_ENABLE_OBJC_ARC = YES;
				CLANG_WARN_BOOL_CONVERSION = YES;
				CLANG_WARN_CONSTANT_CONVERSION = YES;
				CLANG_WARN_DIRECT_OBJC_ISA_USAGE = YES_ERROR;
				CLANG_WARN_DOCUMENTATION_COMMENTS = YES;
				CLANG_WARN_EMPTY_BODY = YES;
				CLANG_WARN_ENUM_CONVERSION = YES;
				CLANG_WARN_INFINITE_RECURSION = YES;
				CLANG_WARN_INT_CONVERSION = YES;
				CLANG_WARN_OBJC_ROOT_CLASS = YES_ERROR;
				CLANG_WARN_SUSPICIOUS_MOVES = YES;
				CLANG_WARN_UNREACHABLE_CODE = YES;
				CLANG_WARN__DUPLICATE_METHOD_MATCH = YES;
				"CODE_SIGN_IDENTITY[sdk=iphoneos*]" = "iPhone Developer";
				COPY_PHASE_STRIP = NO;
				DEBUG_INFORMATION_FORMAT = dwarf;
				ENABLE_STRICT_OBJC_MSGSEND = YES;
				ENABLE_TESTABILITY = YES;
				GCC_C_LANGUAGE_STANDARD = gnu99;
				GCC_DYNAMIC_NO_PIC = NO;
				GCC_NO_COMMON_BLOCKS = YES;
				GCC_OPTIMIZATION_LEVEL = 0;
				GCC_PREPROCESSOR_DEFINITIONS = (
					"DEBUG=1",
					"$(inherited)",
				);
				GCC_WARN_64_TO_32_BIT_CONVERSION = YES;
				GCC_WARN_ABOUT_RETURN_TYPE = YES_ERROR;
				GCC_WARN_UNDECLARED_SELECTOR = YES;
				GCC_WARN_UNINITIALIZED_AUTOS = YES_AGGRESSIVE;
				GCC_WARN_UNUSED_FUNCTION = YES;
				GCC_WARN_UNUSED_VARIABLE = YES;
				IPHONEOS_DEPLOYMENT_TARGET = 10.0;
				MTL_ENABLE_DEBUG_INFO = YES;
				ONLY_ACTIVE_ARCH = YES;
				SDKROOT = iphoneos;
				SWIFT_ACTIVE_COMPILATION_CONDITIONS = DEBUG;
				SWIFT_OPTIMIZATION_LEVEL = "-Onone";
			};
			name = Debug;
		};
		4B46912A1DA7745600C84A23 /* Release */ = {
			isa = XCBuildConfiguration;
			buildSettings = {
				ALWAYS_SEARCH_USER_PATHS = NO;
				CLANG_ANALYZER_NONNULL = YES;
				CLANG_CXX_LANGUAGE_STANDARD = "gnu++0x";
				CLANG_CXX_LIBRARY = "libc++";
				CLANG_ENABLE_MODULES = YES;
				CLANG_ENABLE_OBJC_ARC = YES;
				CLANG_WARN_BOOL_CONVERSION = YES;
				CLANG_WARN_CONSTANT_CONVERSION = YES;
				CLANG_WARN_DIRECT_OBJC_ISA_USAGE = YES_ERROR;
				CLANG_WARN_DOCUMENTATION_COMMENTS = YES;
				CLANG_WARN_EMPTY_BODY = YES;
				CLANG_WARN_ENUM_CONVERSION = YES;
				CLANG_WARN_INFINITE_RECURSION = YES;
				CLANG_WARN_INT_CONVERSION = YES;
				CLANG_WARN_OBJC_ROOT_CLASS = YES_ERROR;
				CLANG_WARN_SUSPICIOUS_MOVES = YES;
				CLANG_WARN_UNREACHABLE_CODE = YES;
				CLANG_WARN__DUPLICATE_METHOD_MATCH = YES;
				"CODE_SIGN_IDENTITY[sdk=iphoneos*]" = "iPhone Developer";
				COPY_PHASE_STRIP = NO;
				DEBUG_INFORMATION_FORMAT = "dwarf-with-dsym";
				ENABLE_NS_ASSERTIONS = NO;
				ENABLE_STRICT_OBJC_MSGSEND = YES;
				GCC_C_LANGUAGE_STANDARD = gnu99;
				GCC_NO_COMMON_BLOCKS = YES;
				GCC_WARN_64_TO_32_BIT_CONVERSION = YES;
				GCC_WARN_ABOUT_RETURN_TYPE = YES_ERROR;
				GCC_WARN_UNDECLARED_SELECTOR = YES;
				GCC_WARN_UNINITIALIZED_AUTOS = YES_AGGRESSIVE;
				GCC_WARN_UNUSED_FUNCTION = YES;
				GCC_WARN_UNUSED_VARIABLE = YES;
				IPHONEOS_DEPLOYMENT_TARGET = 10.0;
				MTL_ENABLE_DEBUG_INFO = NO;
				SDKROOT = iphoneos;
				SWIFT_OPTIMIZATION_LEVEL = "-Owholemodule";
				VALIDATE_PRODUCT = YES;
			};
			name = Release;
		};
		4B46912C1DA7745600C84A23 /* Debug */ = {
			isa = XCBuildConfiguration;
			buildSettings = {
				ASSETCATALOG_COMPILER_APPICON_NAME = AppIcon;
				CLANG_ENABLE_MODULES = YES;
				DEVELOPMENT_TEAM = WTE562C6VP;
				INFOPLIST_FILE = ReachWIFi/Info.plist;
				LD_RUNPATH_SEARCH_PATHS = "$(inherited) @executable_path/Frameworks";
				PRODUCT_BUNDLE_IDENTIFIER = com.Sgmedical.ReachWIFi;
				PRODUCT_NAME = "$(TARGET_NAME)";
				SWIFT_OBJC_BRIDGING_HEADER = "ReachWIFi-Bridging-Header.h";
				SWIFT_OPTIMIZATION_LEVEL = "-Onone";
				SWIFT_VERSION = 3.0;
			};
			name = Debug;
		};
		4B46912D1DA7745600C84A23 /* Release */ = {
			isa = XCBuildConfiguration;
			buildSettings = {
				ASSETCATALOG_COMPILER_APPICON_NAME = AppIcon;
				CLANG_ENABLE_MODULES = YES;
				DEVELOPMENT_TEAM = WTE562C6VP;
				INFOPLIST_FILE = ReachWIFi/Info.plist;
				LD_RUNPATH_SEARCH_PATHS = "$(inherited) @executable_path/Frameworks";
				PRODUCT_BUNDLE_IDENTIFIER = com.Sgmedical.ReachWIFi;
				PRODUCT_NAME = "$(TARGET_NAME)";
				SWIFT_OBJC_BRIDGING_HEADER = "ReachWIFi-Bridging-Header.h";
				SWIFT_VERSION = 3.0;
			};
			name = Release;
		};
/* End XCBuildConfiguration section */

/* Begin XCConfigurationList section */
		4B4691141DA7745500C84A23 /* Build configuration list for PBXProject "ReachWIFi" */ = {
			isa = XCConfigurationList;
			buildConfigurations = (
				4B4691291DA7745600C84A23 /* Debug */,
				4B46912A1DA7745600C84A23 /* Release */,
			);
			defaultConfigurationIsVisible = 0;
			defaultConfigurationName = Release;
		};
		4B46912B1DA7745600C84A23 /* Build configuration list for PBXNativeTarget "ReachWIFi" */ = {
			isa = XCConfigurationList;
			buildConfigurations = (
				4B46912C1DA7745600C84A23 /* Debug */,
				4B46912D1DA7745600C84A23 /* Release */,
			);
			defaultConfigurationIsVisible = 0;
		};
/* End XCConfigurationList section */
	};
	rootObject = 4B4691111DA7745500C84A23 /* Project object */;
}
